
Microsoft Visual Studio Solution File, Format Version 12.00
# Visual Studio Version 17
VisualStudioVersion = 17.5.33516.290
MinimumVisualStudioVersion = 10.0.40219.1
Project("{FAE04EC0-301F-11D3-BF4B-00C04F79EFBC}") = "NetCoreAPIEvelyn", "NetCoreAPIEvelyn\NetCoreAPIEvelyn.csproj", "{2A9AF489-5A42-4E4C-9890-6FA266CAF2B1}"
EndProject
Project("{FAE04EC0-301F-11D3-BF4B-00C04F79EFBC}") = "NetCoreAPIEvelyn.Data", "NetCoreAPIEvelyn.Data\NetCoreAPIEvelyn.Data.csproj", "{6A99F4B6-4DD9-4D5B-9CFD-331F7FE0F186}"
EndProject
Project("{FAE04EC0-301F-11D3-BF4B-00C04F79EFBC}") = "NetCoreAPIEvelyn.Model", "NetCoreAPIEvelyn.Model\NetCoreAPIEvelyn.Model.csproj", "{000E91EF-8CD7-4972-A4AE-6250837246FA}"
EndProject
Global
	GlobalSection(SolutionConfigurationPlatforms) = preSolution
		Debug|Any CPU = Debug|Any CPU
		Release|Any CPU = Release|Any CPU
	EndGlobalSection
	GlobalSection(ProjectConfigurationPlatforms) = postSolution
		{2A9AF489-5A42-4E4C-9890-6FA266CAF2B1}.Debug|Any CPU.ActiveCfg = Debug|Any CPU
		{2A9AF489-5A42-4E4C-9890-6FA266CAF2B1}.Debug|Any CPU.Build.0 = Debug|Any CPU
		{2A9AF489-5A42-4E4C-9890-6FA266CAF2B1}.Release|Any CPU.ActiveCfg = Release|Any CPU
		{2A9AF489-5A42-4E4C-9890-6FA266CAF2B1}.Release|Any CPU.Build.0 = Release|Any CPU
		{6A99F4B6-4DD9-4D5B-9CFD-331F7FE0F186}.Debug|Any CPU.ActiveCfg = Debug|Any CPU
		{6A99F4B6-4DD9-4D5B-9CFD-331F7FE0F186}.Debug|Any CPU.Build.0 = Debug|Any CPU
		{6A99F4B6-4DD9-4D5B-9CFD-331F7FE0F186}.Release|Any CPU.ActiveCfg = Release|Any CPU
		{6A99F4B6-4DD9-4D5B-9CFD-331F7FE0F186}.Release|Any CPU.Build.0 = Release|Any CPU
		{000E91EF-8CD7-4972-A4AE-6250837246FA}.Debug|Any CPU.ActiveCfg = Debug|Any CPU
		{000E91EF-8CD7-4972-A4AE-6250837246FA}.Debug|Any CPU.Build.0 = Debug|Any CPU
		{000E91EF-8CD7-4972-A4AE-6250837246FA}.Release|Any CPU.ActiveCfg = Release|Any CPU
		{000E91EF-8CD7-4972-A4AE-6250837246FA}.Release|Any CPU.Build.0 = Release|Any CPU
	EndGlobalSection
	GlobalSection(SolutionProperties) = preSolution
		HideSolutionNode = FALSE
	EndGlobalSection
	GlobalSection(ExtensibilityGlobals) = postSolution
		SolutionGuid = {EF88421A-F5F3-4D2F-AF21-2847184EADF4}
	EndGlobalSection
EndGlobal
